{
  "requires": true,
  "lockfileVersion": 1,
  "dependencies": {
    "bourbon": {
      "version": "7.0.0",
      "resolved": "https://registry.npmjs.org/bourbon/-/bourbon-7.0.0.tgz",
      "integrity": "sha512-49kyBY+4gwnEvnez8H0TzFjfNZpUVdCmmS873S9nQ6YUuh2+qesbOh8lA+9gAuWlqtYlF+/3Etxm/13RhceOrg=="
    }
  }
}
